// !$*UTF8*$!
{
	archiveVersion = 1;
	classes = {
	};
	objectVersion = 56;
	objects = {

/* Begin PBXBuildFile section */
		492A5E682B6A7AE30055416E /* Graph_NetworksApp.swift in Sources */ = {isa = PBXBuildFile; fileRef = 492A5E672B6A7AE30055416E /* Graph_NetworksApp.swift */; };
		492A5E6C2B6A7AE30055416E /* Item.swift in Sources */ = {isa = PBXBuildFile; fileRef = 492A5E6B2B6A7AE30055416E /* Item.swift */; };
		492A5E6E2B6A7AE40055416E /* Assets.xcassets in Resources */ = {isa = PBXBuildFile; fileRef = 492A5E6D2B6A7AE40055416E /* Assets.xcassets */; };
		492A5E722B6A7AE40055416E /* Preview Assets.xcassets in Resources */ = {isa = PBXBuildFile; fileRef = 492A5E712B6A7AE40055416E /* Preview Assets.xcassets */; };
		492A5E7C2B6A7AE40055416E /* Graph_NetworksTests.swift in Sources */ = {isa = PBXBuildFile; fileRef = 492A5E7B2B6A7AE40055416E /* Graph_NetworksTests.swift */; };
		492A5EA12B6A7CC90055416E /* MainScreen.swift in Sources */ = {isa = PBXBuildFile; fileRef = 492A5EA02B6A7CC90055416E /* MainScreen.swift */; };
		492A5EA32B6A7CD60055416E /* MainScreenViewModel.swift in Sources */ = {isa = PBXBuildFile; fileRef = 492A5EA22B6A7CD60055416E /* MainScreenViewModel.swift */; };
		492A5EAB2B6A7D500055416E /* AssociatedEnum.swift in Sources */ = {isa = PBXBuildFile; fileRef = 492A5EA62B6A7D500055416E /* AssociatedEnum.swift */; };
		492A5EAE2B6A7D500055416E /* GenericViewModelProtocol.swift in Sources */ = {isa = PBXBuildFile; fileRef = 492A5EA92B6A7D500055416E /* GenericViewModelProtocol.swift */; };
		492A5EB22B6A7DB30055416E /* Graph.swift in Sources */ = {isa = PBXBuildFile; fileRef = 492A5EB12B6A7DB30055416E /* Graph.swift */; };
		492A5EB42B6A7DC90055416E /* Vertex.swift in Sources */ = {isa = PBXBuildFile; fileRef = 492A5EB32B6A7DC90055416E /* Vertex.swift */; };
		492A5EB72B6A7F1C0055416E /* Edges.swift in Sources */ = {isa = PBXBuildFile; fileRef = 492A5EB62B6A7F1C0055416E /* Edges.swift */; };
		492A5EB92B6A82C70055416E /* Coordinate3D.swift in Sources */ = {isa = PBXBuildFile; fileRef = 492A5EB82B6A82C70055416E /* Coordinate3D.swift */; };
		492A5EBE2B6A840B0055416E /* Geometry.swift in Sources */ = {isa = PBXBuildFile; fileRef = 492A5EBD2B6A840B0055416E /* Geometry.swift */; };
		492A5EC02B6A8BB00055416E /* CoordinateSpace3D.swift in Sources */ = {isa = PBXBuildFile; fileRef = 492A5EBF2B6A8BB00055416E /* CoordinateSpace3D.swift */; };
		492A5EC22B6A8C560055416E /* Plane3D.swift in Sources */ = {isa = PBXBuildFile; fileRef = 492A5EC12B6A8C550055416E /* Plane3D.swift */; };
		492A5EC52B6ABA020055416E /* CG+Extensions.swift in Sources */ = {isa = PBXBuildFile; fileRef = 492A5EC42B6ABA020055416E /* CG+Extensions.swift */; };
		492A5EC72B6AC6330055416E /* SCN+Extensions.swift in Sources */ = {isa = PBXBuildFile; fileRef = 492A5EC62B6AC6330055416E /* SCN+Extensions.swift */; };
		492A5EC92B6BCA630055416E /* Graph3DView.swift in Sources */ = {isa = PBXBuildFile; fileRef = 492A5EC82B6BCA630055416E /* Graph3DView.swift */; };
		492A5ECD2B6C6AE00055416E /* CameraController.swift in Sources */ = {isa = PBXBuildFile; fileRef = 492A5ECC2B6C6AE00055416E /* CameraController.swift */; };
		492A5ECF2B70AA080055416E /* LinearAlgebra.swift in Sources */ = {isa = PBXBuildFile; fileRef = 492A5ECE2B70AA080055416E /* LinearAlgebra.swift */; };
		49923B502BA104A3008FD416 /* Collection+Extensions.swift in Sources */ = {isa = PBXBuildFile; fileRef = 49923B4F2BA104A3008FD416 /* Collection+Extensions.swift */; };
/* End PBXBuildFile section */

/* Begin PBXContainerItemProxy section */
		492A5E782B6A7AE40055416E /* PBXContainerItemProxy */ = {
			isa = PBXContainerItemProxy;
			containerPortal = 492A5E5C2B6A7AE30055416E /* Project object */;
			proxyType = 1;
			remoteGlobalIDString = 492A5E632B6A7AE30055416E;
			remoteInfo = "Graph Networks";
		};
		492A5E822B6A7AE40055416E /* PBXContainerItemProxy */ = {
			isa = PBXContainerItemProxy;
			containerPortal = 492A5E5C2B6A7AE30055416E /* Project object */;
			proxyType = 1;
			remoteGlobalIDString = 492A5E632B6A7AE30055416E;
			remoteInfo = "Graph Networks";
		};
/* End PBXContainerItemProxy section */

/* Begin PBXFileReference section */
		492A5E642B6A7AE30055416E /* Graph Networks.app */ = {isa = PBXFileReference; explicitFileType = wrapper.application; includeInIndex = 0; path = "Graph Networks.app"; sourceTree = BUILT_PRODUCTS_DIR; };
		492A5E672B6A7AE30055416E /* Graph_NetworksApp.swift */ = {isa = PBXFileReference; lastKnownFileType = sourcecode.swift; path = Graph_NetworksApp.swift; sourceTree = "<group>"; };
		492A5E6B2B6A7AE30055416E /* Item.swift */ = {isa = PBXFileReference; lastKnownFileType = sourcecode.swift; path = Item.swift; sourceTree = "<group>"; };
		492A5E6D2B6A7AE40055416E /* Assets.xcassets */ = {isa = PBXFileReference; lastKnownFileType = folder.assetcatalog; path = Assets.xcassets; sourceTree = "<group>"; };
		492A5E6F2B6A7AE40055416E /* Graph_Networks.entitlements */ = {isa = PBXFileReference; lastKnownFileType = text.plist.entitlements; path = Graph_Networks.entitlements; sourceTree = "<group>"; };
		492A5E712B6A7AE40055416E /* Preview Assets.xcassets */ = {isa = PBXFileReference; lastKnownFileType = folder.assetcatalog; path = "Preview Assets.xcassets"; sourceTree = "<group>"; };
		492A5E772B6A7AE40055416E /* Graph NetworksTests.xctest */ = {isa = PBXFileReference; explicitFileType = wrapper.cfbundle; includeInIndex = 0; path = "Graph NetworksTests.xctest"; sourceTree = BUILT_PRODUCTS_DIR; };
		492A5E7B2B6A7AE40055416E /* Graph_NetworksTests.swift */ = {isa = PBXFileReference; lastKnownFileType = sourcecode.swift; path = Graph_NetworksTests.swift; sourceTree = "<group>"; };
		492A5E812B6A7AE40055416E /* Graph NetworksUITests.xctest */ = {isa = PBXFileReference; explicitFileType = wrapper.cfbundle; includeInIndex = 0; path = "Graph NetworksUITests.xctest"; sourceTree = BUILT_PRODUCTS_DIR; };
		492A5EA02B6A7CC90055416E /* MainScreen.swift */ = {isa = PBXFileReference; lastKnownFileType = sourcecode.swift; path = MainScreen.swift; sourceTree = "<group>"; };
		492A5EA22B6A7CD60055416E /* MainScreenViewModel.swift */ = {isa = PBXFileReference; lastKnownFileType = sourcecode.swift; path = MainScreenViewModel.swift; sourceTree = "<group>"; };
		492A5EA62B6A7D500055416E /* AssociatedEnum.swift */ = {isa = PBXFileReference; fileEncoding = 4; lastKnownFileType = sourcecode.swift; path = AssociatedEnum.swift; sourceTree = "<group>"; };
		492A5EA92B6A7D500055416E /* GenericViewModelProtocol.swift */ = {isa = PBXFileReference; fileEncoding = 4; lastKnownFileType = sourcecode.swift; path = GenericViewModelProtocol.swift; sourceTree = "<group>"; };
		492A5EB12B6A7DB30055416E /* Graph.swift */ = {isa = PBXFileReference; lastKnownFileType = sourcecode.swift; path = Graph.swift; sourceTree = "<group>"; };
		492A5EB32B6A7DC90055416E /* Vertex.swift */ = {isa = PBXFileReference; lastKnownFileType = sourcecode.swift; path = Vertex.swift; sourceTree = "<group>"; };
		492A5EB62B6A7F1C0055416E /* Edges.swift */ = {isa = PBXFileReference; lastKnownFileType = sourcecode.swift; path = Edges.swift; sourceTree = "<group>"; };
		492A5EB82B6A82C70055416E /* Coordinate3D.swift */ = {isa = PBXFileReference; lastKnownFileType = sourcecode.swift; path = Coordinate3D.swift; sourceTree = "<group>"; };
		492A5EBD2B6A840B0055416E /* Geometry.swift */ = {isa = PBXFileReference; lastKnownFileType = sourcecode.swift; path = Geometry.swift; sourceTree = "<group>"; };
		492A5EBF2B6A8BB00055416E /* CoordinateSpace3D.swift */ = {isa = PBXFileReference; lastKnownFileType = sourcecode.swift; path = CoordinateSpace3D.swift; sourceTree = "<group>"; };
		492A5EC12B6A8C550055416E /* Plane3D.swift */ = {isa = PBXFileReference; lastKnownFileType = sourcecode.swift; path = Plane3D.swift; sourceTree = "<group>"; };
		492A5EC42B6ABA020055416E /* CG+Extensions.swift */ = {isa = PBXFileReference; lastKnownFileType = sourcecode.swift; path = "CG+Extensions.swift"; sourceTree = "<group>"; };
		492A5EC62B6AC6330055416E /* SCN+Extensions.swift */ = {isa = PBXFileReference; lastKnownFileType = sourcecode.swift; path = "SCN+Extensions.swift"; sourceTree = "<group>"; };
		492A5EC82B6BCA630055416E /* Graph3DView.swift */ = {isa = PBXFileReference; lastKnownFileType = sourcecode.swift; path = Graph3DView.swift; sourceTree = "<group>"; };
		492A5ECC2B6C6AE00055416E /* CameraController.swift */ = {isa = PBXFileReference; lastKnownFileType = sourcecode.swift; path = CameraController.swift; sourceTree = "<group>"; };
		492A5ECE2B70AA080055416E /* LinearAlgebra.swift */ = {isa = PBXFileReference; lastKnownFileType = sourcecode.swift; path = LinearAlgebra.swift; sourceTree = "<group>"; };
		49923B4E2BA0F0DA008FD416 /* Graph-Networks-Info.plist */ = {isa = PBXFileReference; lastKnownFileType = text.plist; path = "Graph-Networks-Info.plist"; sourceTree = SOURCE_ROOT; };
		49923B4F2BA104A3008FD416 /* Collection+Extensions.swift */ = {isa = PBXFileReference; lastKnownFileType = sourcecode.swift; path = "Collection+Extensions.swift"; sourceTree = "<group>"; };
/* End PBXFileReference section */

/* Begin PBXFrameworksBuildPhase section */
		492A5E612B6A7AE30055416E /* Frameworks */ = {
			isa = PBXFrameworksBuildPhase;
			buildActionMask = 2147483647;
			files = (
			);
			runOnlyForDeploymentPostprocessing = 0;
		};
		492A5E742B6A7AE40055416E /* Frameworks */ = {
			isa = PBXFrameworksBuildPhase;
			buildActionMask = 2147483647;
			files = (
			);
			runOnlyForDeploymentPostprocessing = 0;
		};
		492A5E7E2B6A7AE40055416E /* Frameworks */ = {
			isa = PBXFrameworksBuildPhase;
			buildActionMask = 2147483647;
			files = (
			);
			runOnlyForDeploymentPostprocessing = 0;
		};
/* End PBXFrameworksBuildPhase section */

/* Begin PBXGroup section */
		492A5E5B2B6A7AE30055416E = {
			isa = PBXGroup;
			children = (
				492A5E662B6A7AE30055416E /* Graph Networks */,
				492A5E652B6A7AE30055416E /* Products */,
			);
			sourceTree = "<group>";
		};
		492A5E652B6A7AE30055416E /* Products */ = {
			isa = PBXGroup;
			children = (
				492A5E642B6A7AE30055416E /* Graph Networks.app */,
				492A5E772B6A7AE40055416E /* Graph NetworksTests.xctest */,
				492A5E812B6A7AE40055416E /* Graph NetworksUITests.xctest */,
			);
			name = Products;
			sourceTree = "<group>";
		};
		492A5E662B6A7AE30055416E /* Graph Networks */ = {
			isa = PBXGroup;
			children = (
				49923B4E2BA0F0DA008FD416 /* Graph-Networks-Info.plist */,
				492A5E952B6A7B290055416E /* Code */,
				492A5E942B6A7B1A0055416E /* Testing */,
				492A5E6F2B6A7AE40055416E /* Graph_Networks.entitlements */,
			);
			path = "Graph Networks";
			sourceTree = "<group>";
		};
		492A5E702B6A7AE40055416E /* Preview Content */ = {
			isa = PBXGroup;
			children = (
				492A5E712B6A7AE40055416E /* Preview Assets.xcassets */,
			);
			path = "Preview Content";
			sourceTree = "<group>";
		};
		492A5E7A2B6A7AE40055416E /* Graph NetworksTests */ = {
			isa = PBXGroup;
			children = (
				492A5E7B2B6A7AE40055416E /* Graph_NetworksTests.swift */,
			);
			path = "Graph NetworksTests";
			sourceTree = "<group>";
		};
		492A5E942B6A7B1A0055416E /* Testing */ = {
			isa = PBXGroup;
			children = (
				492A5E7A2B6A7AE40055416E /* Graph NetworksTests */,
			);
			path = Testing;
			sourceTree = "<group>";
		};
		492A5E952B6A7B290055416E /* Code */ = {
			isa = PBXGroup;
			children = (
				492A5ECB2B6C6AD00055416E /* Controllers */,
				492A5EA42B6A7CF00055416E /* Common */,
				492A5E9A2B6A7BAC0055416E /* Resources */,
				492A5E982B6A7B540055416E /* App Interface */,
				492A5E972B6A7B460055416E /* Screens */,
				492A5E962B6A7B3A0055416E /* Data Models */,
			);
			path = Code;
			sourceTree = "<group>";
		};
		492A5E962B6A7B3A0055416E /* Data Models */ = {
			isa = PBXGroup;
			children = (
				492A5EB02B6A7D9C0055416E /* Geometry */,
				492A5E992B6A7B790055416E /* Persistent Storage */,
			);
			path = "Data Models";
			sourceTree = "<group>";
		};
		492A5E972B6A7B460055416E /* Screens */ = {
			isa = PBXGroup;
			children = (
				492A5E9C2B6A7CA20055416E /* Main */,
			);
			path = Screens;
			sourceTree = "<group>";
		};
		492A5E982B6A7B540055416E /* App Interface */ = {
			isa = PBXGroup;
			children = (
				492A5E672B6A7AE30055416E /* Graph_NetworksApp.swift */,
			);
			path = "App Interface";
			sourceTree = "<group>";
		};
		492A5E992B6A7B790055416E /* Persistent Storage */ = {
			isa = PBXGroup;
			children = (
				492A5E6B2B6A7AE30055416E /* Item.swift */,
			);
			path = "Persistent Storage";
			sourceTree = "<group>";
		};
		492A5E9A2B6A7BAC0055416E /* Resources */ = {
			isa = PBXGroup;
			children = (
				492A5E702B6A7AE40055416E /* Preview Content */,
				492A5E6D2B6A7AE40055416E /* Assets.xcassets */,
			);
			path = Resources;
			sourceTree = "<group>";
		};
		492A5E9C2B6A7CA20055416E /* Main */ = {
			isa = PBXGroup;
			children = (
				492A5E9F2B6A7CB30055416E /* View Models */,
				492A5E9E2B6A7CAF0055416E /* Views */,
			);
			path = Main;
			sourceTree = "<group>";
		};
		492A5E9E2B6A7CAF0055416E /* Views */ = {
			isa = PBXGroup;
			children = (
				492A5EA02B6A7CC90055416E /* MainScreen.swift */,
				492A5EC82B6BCA630055416E /* Graph3DView.swift */,
			);
			path = Views;
			sourceTree = "<group>";
		};
		492A5E9F2B6A7CB30055416E /* View Models */ = {
			isa = PBXGroup;
			children = (
				492A5EA22B6A7CD60055416E /* MainScreenViewModel.swift */,
			);
			path = "View Models";
			sourceTree = "<group>";
		};
		492A5EA42B6A7CF00055416E /* Common */ = {
			isa = PBXGroup;
			children = (
				492A5EC32B6AB9F30055416E /* Extensions */,
				492A5EBB2B6A83E50055416E /* Math */,
				492A5EA52B6A7D500055416E /* Protocols */,
			);
			path = Common;
			sourceTree = "<group>";
		};
		492A5EA52B6A7D500055416E /* Protocols */ = {
			isa = PBXGroup;
			children = (
				492A5EA62B6A7D500055416E /* AssociatedEnum.swift */,
				492A5EA92B6A7D500055416E /* GenericViewModelProtocol.swift */,
			);
			path = Protocols;
			sourceTree = "<group>";
		};
		492A5EB02B6A7D9C0055416E /* Geometry */ = {
			isa = PBXGroup;
			children = (
				492A5EB52B6A7F0C0055416E /* Graph */,
				492A5EB82B6A82C70055416E /* Coordinate3D.swift */,
				492A5EBF2B6A8BB00055416E /* CoordinateSpace3D.swift */,
				492A5EC12B6A8C550055416E /* Plane3D.swift */,
			);
			path = Geometry;
			sourceTree = "<group>";
		};
		492A5EB52B6A7F0C0055416E /* Graph */ = {
			isa = PBXGroup;
			children = (
				492A5EB32B6A7DC90055416E /* Vertex.swift */,
				492A5EB12B6A7DB30055416E /* Graph.swift */,
				492A5EB62B6A7F1C0055416E /* Edges.swift */,
			);
			path = Graph;
			sourceTree = "<group>";
		};
		492A5EBB2B6A83E50055416E /* Math */ = {
			isa = PBXGroup;
			children = (
				492A5EBD2B6A840B0055416E /* Geometry.swift */,
				492A5ECE2B70AA080055416E /* LinearAlgebra.swift */,
			);
			path = Math;
			sourceTree = "<group>";
		};
		492A5EC32B6AB9F30055416E /* Extensions */ = {
			isa = PBXGroup;
			children = (
				492A5EC42B6ABA020055416E /* CG+Extensions.swift */,
				492A5EC62B6AC6330055416E /* SCN+Extensions.swift */,
				49923B4F2BA104A3008FD416 /* Collection+Extensions.swift */,
			);
			path = Extensions;
			sourceTree = "<group>";
		};
		492A5ECB2B6C6AD00055416E /* Controllers */ = {
			isa = PBXGroup;
			children = (
				492A5ECC2B6C6AE00055416E /* CameraController.swift */,
			);
			path = Controllers;
			sourceTree = "<group>";
		};
/* End PBXGroup section */

/* Begin PBXNativeTarget section */
		492A5E632B6A7AE30055416E /* Graph Networks */ = {
			isa = PBXNativeTarget;
			buildConfigurationList = 492A5E8B2B6A7AE40055416E /* Build configuration list for PBXNativeTarget "Graph Networks" */;
			buildPhases = (
				492A5E602B6A7AE30055416E /* Sources */,
				492A5E612B6A7AE30055416E /* Frameworks */,
				492A5E622B6A7AE30055416E /* Resources */,
			);
			buildRules = (
			);
			dependencies = (
			);
			name = "Graph Networks";
			productName = "Graph Networks";
			productReference = 492A5E642B6A7AE30055416E /* Graph Networks.app */;
			productType = "com.apple.product-type.application";
		};
		492A5E762B6A7AE40055416E /* Graph NetworksTests */ = {
			isa = PBXNativeTarget;
			buildConfigurationList = 492A5E8E2B6A7AE40055416E /* Build configuration list for PBXNativeTarget "Graph NetworksTests" */;
			buildPhases = (
				492A5E732B6A7AE40055416E /* Sources */,
				492A5E742B6A7AE40055416E /* Frameworks */,
				492A5E752B6A7AE40055416E /* Resources */,
			);
			buildRules = (
			);
			dependencies = (
				492A5E792B6A7AE40055416E /* PBXTargetDependency */,
			);
			name = "Graph NetworksTests";
			productName = "Graph NetworksTests";
			productReference = 492A5E772B6A7AE40055416E /* Graph NetworksTests.xctest */;
			productType = "com.apple.product-type.bundle.unit-test";
		};
		492A5E802B6A7AE40055416E /* Graph NetworksUITests */ = {
			isa = PBXNativeTarget;
			buildConfigurationList = 492A5E912B6A7AE40055416E /* Build configuration list for PBXNativeTarget "Graph NetworksUITests" */;
			buildPhases = (
				492A5E7D2B6A7AE40055416E /* Sources */,
				492A5E7E2B6A7AE40055416E /* Frameworks */,
				492A5E7F2B6A7AE40055416E /* Resources */,
			);
			buildRules = (
			);
			dependencies = (
				492A5E832B6A7AE40055416E /* PBXTargetDependency */,
			);
			name = "Graph NetworksUITests";
			productName = "Graph NetworksUITests";
			productReference = 492A5E812B6A7AE40055416E /* Graph NetworksUITests.xctest */;
			productType = "com.apple.product-type.bundle.ui-testing";
		};
/* End PBXNativeTarget section */

/* Begin PBXProject section */
		492A5E5C2B6A7AE30055416E /* Project object */ = {
			isa = PBXProject;
			attributes = {
				BuildIndependentTargetsInParallel = 1;
				LastSwiftUpdateCheck = 1500;
				LastUpgradeCheck = 1500;
				TargetAttributes = {
					492A5E632B6A7AE30055416E = {
						CreatedOnToolsVersion = 15.0.1;
					};
					492A5E762B6A7AE40055416E = {
						CreatedOnToolsVersion = 15.0.1;
						TestTargetID = 492A5E632B6A7AE30055416E;
					};
					492A5E802B6A7AE40055416E = {
						CreatedOnToolsVersion = 15.0.1;
						TestTargetID = 492A5E632B6A7AE30055416E;
					};
				};
			};
			buildConfigurationList = 492A5E5F2B6A7AE30055416E /* Build configuration list for PBXProject "Graph Networks" */;
			compatibilityVersion = "Xcode 14.0";
			developmentRegion = en;
			hasScannedForEncodings = 0;
			knownRegions = (
				en,
				Base,
			);
			mainGroup = 492A5E5B2B6A7AE30055416E;
			productRefGroup = 492A5E652B6A7AE30055416E /* Products */;
			projectDirPath = "";
			projectRoot = "";
			targets = (
				492A5E632B6A7AE30055416E /* Graph Networks */,
				492A5E762B6A7AE40055416E /* Graph NetworksTests */,
				492A5E802B6A7AE40055416E /* Graph NetworksUITests */,
			);
		};
/* End PBXProject section */

/* Begin PBXResourcesBuildPhase section */
		492A5E622B6A7AE30055416E /* Resources */ = {
			isa = PBXResourcesBuildPhase;
			buildActionMask = 2147483647;
			files = (
				492A5E722B6A7AE40055416E /* Preview Assets.xcassets in Resources */,
				492A5E6E2B6A7AE40055416E /* Assets.xcassets in Resources */,
			);
			runOnlyForDeploymentPostprocessing = 0;
		};
		492A5E752B6A7AE40055416E /* Resources */ = {
			isa = PBXResourcesBuildPhase;
			buildActionMask = 2147483647;
			files = (
			);
			runOnlyForDeploymentPostprocessing = 0;
		};
		492A5E7F2B6A7AE40055416E /* Resources */ = {
			isa = PBXResourcesBuildPhase;
			buildActionMask = 2147483647;
			files = (
			);
			runOnlyForDeploymentPostprocessing = 0;
		};
/* End PBXResourcesBuildPhase section */

/* Begin PBXSourcesBuildPhase section */
		492A5E602B6A7AE30055416E /* Sources */ = {
			isa = PBXSourcesBuildPhase;
			buildActionMask = 2147483647;
			files = (
				492A5EC92B6BCA630055416E /* Graph3DView.swift in Sources */,
				492A5EB22B6A7DB30055416E /* Graph.swift in Sources */,
				492A5EC52B6ABA020055416E /* CG+Extensions.swift in Sources */,
				492A5EC02B6A8BB00055416E /* CoordinateSpace3D.swift in Sources */,
				492A5EBE2B6A840B0055416E /* Geometry.swift in Sources */,
				492A5EB92B6A82C70055416E /* Coordinate3D.swift in Sources */,
				492A5EA12B6A7CC90055416E /* MainScreen.swift in Sources */,
				492A5ECF2B70AA080055416E /* LinearAlgebra.swift in Sources */,
				492A5EC22B6A8C560055416E /* Plane3D.swift in Sources */,
				492A5EA32B6A7CD60055416E /* MainScreenViewModel.swift in Sources */,
				492A5EC72B6AC6330055416E /* SCN+Extensions.swift in Sources */,
				49923B502BA104A3008FD416 /* Collection+Extensions.swift in Sources */,
				492A5EAB2B6A7D500055416E /* AssociatedEnum.swift in Sources */,
				492A5EB42B6A7DC90055416E /* Vertex.swift in Sources */,
				492A5E6C2B6A7AE30055416E /* Item.swift in Sources */,
				492A5E682B6A7AE30055416E /* Graph_NetworksApp.swift in Sources */,
				492A5EB72B6A7F1C0055416E /* Edges.swift in Sources */,
				492A5ECD2B6C6AE00055416E /* CameraController.swift in Sources */,
				492A5EAE2B6A7D500055416E /* GenericViewModelProtocol.swift in Sources */,
			);
			runOnlyForDeploymentPostprocessing = 0;
		};
		492A5E732B6A7AE40055416E /* Sources */ = {
			isa = PBXSourcesBuildPhase;
			buildActionMask = 2147483647;
			files = (
				492A5E7C2B6A7AE40055416E /* Graph_NetworksTests.swift in Sources */,
			);
			runOnlyForDeploymentPostprocessing = 0;
		};
		492A5E7D2B6A7AE40055416E /* Sources */ = {
			isa = PBXSourcesBuildPhase;
			buildActionMask = 2147483647;
			files = (
			);
			runOnlyForDeploymentPostprocessing = 0;
		};
/* End PBXSourcesBuildPhase section */

/* Begin PBXTargetDependency section */
		492A5E792B6A7AE40055416E /* PBXTargetDependency */ = {
			isa = PBXTargetDependency;
			target = 492A5E632B6A7AE30055416E /* Graph Networks */;
			targetProxy = 492A5E782B6A7AE40055416E /* PBXContainerItemProxy */;
		};
		492A5E832B6A7AE40055416E /* PBXTargetDependency */ = {
			isa = PBXTargetDependency;
			target = 492A5E632B6A7AE30055416E /* Graph Networks */;
			targetProxy = 492A5E822B6A7AE40055416E /* PBXContainerItemProxy */;
		};
/* End PBXTargetDependency section */

/* Begin XCBuildConfiguration section */
		492A5E892B6A7AE40055416E /* Debug */ = {
			isa = XCBuildConfiguration;
			buildSettings = {
				ALWAYS_SEARCH_USER_PATHS = NO;
				ASSETCATALOG_COMPILER_GENERATE_SWIFT_ASSET_SYMBOL_EXTENSIONS = YES;
				CLANG_ANALYZER_NONNULL = YES;
				CLANG_ANALYZER_NUMBER_OBJECT_CONVERSION = YES_AGGRESSIVE;
				CLANG_CXX_LANGUAGE_STANDARD = "gnu++20";
				CLANG_ENABLE_MODULES = YES;
				CLANG_ENABLE_OBJC_ARC = YES;
				CLANG_ENABLE_OBJC_WEAK = YES;
				CLANG_WARN_BLOCK_CAPTURE_AUTORELEASING = YES;
				CLANG_WARN_BOOL_CONVERSION = YES;
				CLANG_WARN_COMMA = YES;
				CLANG_WARN_CONSTANT_CONVERSION = YES;
				CLANG_WARN_DEPRECATED_OBJC_IMPLEMENTATIONS = YES;
				CLANG_WARN_DIRECT_OBJC_ISA_USAGE = YES_ERROR;
				CLANG_WARN_DOCUMENTATION_COMMENTS = YES;
				CLANG_WARN_EMPTY_BODY = YES;
				CLANG_WARN_ENUM_CONVERSION = YES;
				CLANG_WARN_INFINITE_RECURSION = YES;
				CLANG_WARN_INT_CONVERSION = YES;
				CLANG_WARN_NON_LITERAL_NULL_CONVERSION = YES;
				CLANG_WARN_OBJC_IMPLICIT_RETAIN_SELF = YES;
				CLANG_WARN_OBJC_LITERAL_CONVERSION = YES;
				CLANG_WARN_OBJC_ROOT_CLASS = YES_ERROR;
				CLANG_WARN_QUOTED_INCLUDE_IN_FRAMEWORK_HEADER = YES;
				CLANG_WARN_RANGE_LOOP_ANALYSIS = YES;
				CLANG_WARN_STRICT_PROTOTYPES = YES;
				CLANG_WARN_SUSPICIOUS_MOVE = YES;
				CLANG_WARN_UNGUARDED_AVAILABILITY = YES_AGGRESSIVE;
				CLANG_WARN_UNREACHABLE_CODE = YES;
				CLANG_WARN__DUPLICATE_METHOD_MATCH = YES;
				COPY_PHASE_STRIP = NO;
				DEBUG_INFORMATION_FORMAT = dwarf;
				ENABLE_STRICT_OBJC_MSGSEND = YES;
				ENABLE_TESTABILITY = YES;
				ENABLE_USER_SCRIPT_SANDBOXING = YES;
				GCC_C_LANGUAGE_STANDARD = gnu17;
				GCC_DYNAMIC_NO_PIC = NO;
				GCC_NO_COMMON_BLOCKS = YES;
				GCC_OPTIMIZATION_LEVEL = 0;
				GCC_PREPROCESSOR_DEFINITIONS = (
					"DEBUG=1",
					"$(inherited)",
				);
				GCC_WARN_64_TO_32_BIT_CONVERSION = YES;
				GCC_WARN_ABOUT_RETURN_TYPE = YES_ERROR;
				GCC_WARN_UNDECLARED_SELECTOR = YES;
				GCC_WARN_UNINITIALIZED_AUTOS = YES_AGGRESSIVE;
				GCC_WARN_UNUSED_FUNCTION = YES;
				GCC_WARN_UNUSED_VARIABLE = YES;
				LOCALIZATION_PREFERS_STRING_CATALOGS = YES;
				MTL_ENABLE_DEBUG_INFO = INCLUDE_SOURCE;
				MTL_FAST_MATH = YES;
				ONLY_ACTIVE_ARCH = YES;
				SWIFT_ACTIVE_COMPILATION_CONDITIONS = "DEBUG $(inherited)";
				SWIFT_OPTIMIZATION_LEVEL = "-Onone";
			};
			name = Debug;
		};
		492A5E8A2B6A7AE40055416E /* Release */ = {
			isa = XCBuildConfiguration;
			buildSettings = {
				ALWAYS_SEARCH_USER_PATHS = NO;
				ASSETCATALOG_COMPILER_GENERATE_SWIFT_ASSET_SYMBOL_EXTENSIONS = YES;
				CLANG_ANALYZER_NONNULL = YES;
				CLANG_ANALYZER_NUMBER_OBJECT_CONVERSION = YES_AGGRESSIVE;
				CLANG_CXX_LANGUAGE_STANDARD = "gnu++20";
				CLANG_ENABLE_MODULES = YES;
				CLANG_ENABLE_OBJC_ARC = YES;
				CLANG_ENABLE_OBJC_WEAK = YES;
				CLANG_WARN_BLOCK_CAPTURE_AUTORELEASING = YES;
				CLANG_WARN_BOOL_CONVERSION = YES;
				CLANG_WARN_COMMA = YES;
				CLANG_WARN_CONSTANT_CONVERSION = YES;
				CLANG_WARN_DEPRECATED_OBJC_IMPLEMENTATIONS = YES;
				CLANG_WARN_DIRECT_OBJC_ISA_USAGE = YES_ERROR;
				CLANG_WARN_DOCUMENTATION_COMMENTS = YES;
				CLANG_WARN_EMPTY_BODY = YES;
				CLANG_WARN_ENUM_CONVERSION = YES;
				CLANG_WARN_INFINITE_RECURSION = YES;
				CLANG_WARN_INT_CONVERSION = YES;
				CLANG_WARN_NON_LITERAL_NULL_CONVERSION = YES;
				CLANG_WARN_OBJC_IMPLICIT_RETAIN_SELF = YES;
				CLANG_WARN_OBJC_LITERAL_CONVERSION = YES;
				CLANG_WARN_OBJC_ROOT_CLASS = YES_ERROR;
				CLANG_WARN_QUOTED_INCLUDE_IN_FRAMEWORK_HEADER = YES;
				CLANG_WARN_RANGE_LOOP_ANALYSIS = YES;
				CLANG_WARN_STRICT_PROTOTYPES = YES;
				CLANG_WARN_SUSPICIOUS_MOVE = YES;
				CLANG_WARN_UNGUARDED_AVAILABILITY = YES_AGGRESSIVE;
				CLANG_WARN_UNREACHABLE_CODE = YES;
				CLANG_WARN__DUPLICATE_METHOD_MATCH = YES;
				COPY_PHASE_STRIP = NO;
				DEBUG_INFORMATION_FORMAT = "dwarf-with-dsym";
				ENABLE_NS_ASSERTIONS = NO;
				ENABLE_STRICT_OBJC_MSGSEND = YES;
				ENABLE_USER_SCRIPT_SANDBOXING = YES;
				GCC_C_LANGUAGE_STANDARD = gnu17;
				GCC_NO_COMMON_BLOCKS = YES;
				GCC_WARN_64_TO_32_BIT_CONVERSION = YES;
				GCC_WARN_ABOUT_RETURN_TYPE = YES_ERROR;
				GCC_WARN_UNDECLARED_SELECTOR = YES;
				GCC_WARN_UNINITIALIZED_AUTOS = YES_AGGRESSIVE;
				GCC_WARN_UNUSED_FUNCTION = YES;
				GCC_WARN_UNUSED_VARIABLE = YES;
				LOCALIZATION_PREFERS_STRING_CATALOGS = YES;
				MTL_ENABLE_DEBUG_INFO = NO;
				MTL_FAST_MATH = YES;
				SWIFT_COMPILATION_MODE = wholemodule;
			};
			name = Release;
		};
		492A5E8C2B6A7AE40055416E /* Debug */ = {
			isa = XCBuildConfiguration;
			buildSettings = {
				ASSETCATALOG_COMPILER_APPICON_NAME = AppIcon;
				ASSETCATALOG_COMPILER_GLOBAL_ACCENT_COLOR_NAME = AccentColor;
				CODE_SIGN_ENTITLEMENTS = "Graph Networks/Graph_Networks.entitlements";
				CODE_SIGN_STYLE = Automatic;
				CURRENT_PROJECT_VERSION = 1;
				DEVELOPMENT_ASSET_PATHS = "\"Graph Networks/Code/Resources/Preview Content\"";
				DEVELOPMENT_TEAM = 2JMR3SJGS4;
				ENABLE_HARDENED_RUNTIME = YES;
				ENABLE_PREVIEWS = YES;
				GENERATE_INFOPLIST_FILE = YES;
				INFOPLIST_FILE = "Graph-Networks-Info.plist";
				INFOPLIST_KEY_CFBundleDisplayName = "Graph Networks";
				INFOPLIST_KEY_LSApplicationCategoryType = "public.app-category.education";
				"INFOPLIST_KEY_UIApplicationSceneManifest_Generation[sdk=iphoneos*]" = YES;
				"INFOPLIST_KEY_UIApplicationSceneManifest_Generation[sdk=iphonesimulator*]" = YES;
				"INFOPLIST_KEY_UIApplicationSupportsIndirectInputEvents[sdk=iphoneos*]" = YES;
				"INFOPLIST_KEY_UIApplicationSupportsIndirectInputEvents[sdk=iphonesimulator*]" = YES;
				"INFOPLIST_KEY_UILaunchScreen_Generation[sdk=iphoneos*]" = YES;
				"INFOPLIST_KEY_UILaunchScreen_Generation[sdk=iphonesimulator*]" = YES;
				"INFOPLIST_KEY_UIStatusBarStyle[sdk=iphoneos*]" = UIStatusBarStyleDefault;
				"INFOPLIST_KEY_UIStatusBarStyle[sdk=iphonesimulator*]" = UIStatusBarStyleDefault;
				INFOPLIST_KEY_UISupportedInterfaceOrientations = UIInterfaceOrientationPortrait;
				INFOPLIST_KEY_UIUserInterfaceStyle = Light;
				IPHONEOS_DEPLOYMENT_TARGET = 17.0;
				LD_RUNPATH_SEARCH_PATHS = "@executable_path/Frameworks";
				"LD_RUNPATH_SEARCH_PATHS[sdk=macosx*]" = "@executable_path/../Frameworks";
				MACOSX_DEPLOYMENT_TARGET = 14.0;
				MARKETING_VERSION = 1.0;
				PRODUCT_BUNDLE_IDENTIFIER = "com.jc.Graph-Networks";
				PRODUCT_NAME = "$(TARGET_NAME)";
				SDKROOT = auto;
				SUPPORTED_PLATFORMS = "iphoneos iphonesimulator macosx";
				SWIFT_EMIT_LOC_STRINGS = YES;
				SWIFT_VERSION = 5.0;
				TARGETED_DEVICE_FAMILY = "1,2";
			};
			name = Debug;
		};
		492A5E8D2B6A7AE40055416E /* Release */ = {
			isa = XCBuildConfiguration;
			buildSettings = {
				ASSETCATALOG_COMPILER_APPICON_NAME = AppIcon;
				ASSETCATALOG_COMPILER_GLOBAL_ACCENT_COLOR_NAME = AccentColor;
				CODE_SIGN_ENTITLEMENTS = "Graph Networks/Graph_Networks.entitlements";
				CODE_SIGN_STYLE = Automatic;
				CURRENT_PROJECT_VERSION = 1;
				DEVELOPMENT_ASSET_PATHS = "\"Graph Networks/Code/Resources/Preview Content\"";
				DEVELOPMENT_TEAM = 2JMR3SJGS4;
				ENABLE_HARDENED_RUNTIME = YES;
				ENABLE_PREVIEWS = YES;
				GENERATE_INFOPLIST_FILE = YES;
				INFOPLIST_FILE = "Graph-Networks-Info.plist";
				INFOPLIST_KEY_CFBundleDisplayName = "Graph Networks";
				INFOPLIST_KEY_LSApplicationCategoryType = "public.app-category.education";
				"INFOPLIST_KEY_UIApplicationSceneManifest_Generation[sdk=iphoneos*]" = YES;
				"INFOPLIST_KEY_UIApplicationSceneManifest_Generation[sdk=iphonesimulator*]" = YES;
				"INFOPLIST_KEY_UIApplicationSupportsIndirectInputEvents[sdk=iphoneos*]" = YES;
				"INFOPLIST_KEY_UIApplicationSupportsIndirectInputEvents[sdk=iphonesimulator*]" = YES;
				"INFOPLIST_KEY_UILaunchScreen_Generation[sdk=iphoneos*]" = YES;
				"INFOPLIST_KEY_UILaunchScreen_Generation[sdk=iphonesimulator*]" = YES;
				"INFOPLIST_KEY_UIStatusBarStyle[sdk=iphoneos*]" = UIStatusBarStyleDefault;
				"INFOPLIST_KEY_UIStatusBarStyle[sdk=iphonesimulator*]" = UIStatusBarStyleDefault;
				INFOPLIST_KEY_UISupportedInterfaceOrientations = UIInterfaceOrientationPortrait;
				INFOPLIST_KEY_UIUserInterfaceStyle = Light;
				IPHONEOS_DEPLOYMENT_TARGET = 17.0;
				LD_RUNPATH_SEARCH_PATHS = "@executable_path/Frameworks";
				"LD_RUNPATH_SEARCH_PATHS[sdk=macosx*]" = "@executable_path/../Frameworks";
				MACOSX_DEPLOYMENT_TARGET = 14.0;
				MARKETING_VERSION = 1.0;
				PRODUCT_BUNDLE_IDENTIFIER = "com.jc.Graph-Networks";
				PRODUCT_NAME = "$(TARGET_NAME)";
				SDKROOT = auto;
				SUPPORTED_PLATFORMS = "iphoneos iphonesimulator macosx";
				SWIFT_EMIT_LOC_STRINGS = YES;
				SWIFT_VERSION = 5.0;
				TARGETED_DEVICE_FAMILY = "1,2";
			};
			name = Release;
		};
		492A5E8F2B6A7AE40055416E /* Debug */ = {
			isa = XCBuildConfiguration;
			buildSettings = {
				ALWAYS_EMBED_SWIFT_STANDARD_LIBRARIES = YES;
				BUNDLE_LOADER = "$(TEST_HOST)";
				CODE_SIGN_STYLE = Automatic;
				CURRENT_PROJECT_VERSION = 1;
				DEVELOPMENT_TEAM = 2JMR3SJGS4;
				GENERATE_INFOPLIST_FILE = YES;
				IPHONEOS_DEPLOYMENT_TARGET = 17.0;
				MACOSX_DEPLOYMENT_TARGET = 14.0;
				MARKETING_VERSION = 1.0;
				PRODUCT_BUNDLE_IDENTIFIER = "com.jc.Graph-NetworksTests";
				PRODUCT_NAME = "$(TARGET_NAME)";
				SDKROOT = auto;
				SUPPORTED_PLATFORMS = "iphoneos iphonesimulator macosx";
				SWIFT_EMIT_LOC_STRINGS = NO;
				SWIFT_VERSION = 5.0;
				TARGETED_DEVICE_FAMILY = "1,2";
				TEST_HOST = "$(BUILT_PRODUCTS_DIR)/Graph Networks.app/$(BUNDLE_EXECUTABLE_FOLDER_PATH)/Graph Networks";
			};
			name = Debug;
		};
		492A5E902B6A7AE40055416E /* Release */ = {
			isa = XCBuildConfiguration;
			buildSettings = {
				ALWAYS_EMBED_SWIFT_STANDARD_LIBRARIES = YES;
				BUNDLE_LOADER = "$(TEST_HOST)";
				CODE_SIGN_STYLE = Automatic;
				CURRENT_PROJECT_VERSION = 1;
				DEVELOPMENT_TEAM = 2JMR3SJGS4;
				GENERATE_INFOPLIST_FILE = YES;
				IPHONEOS_DEPLOYMENT_TARGET = 17.0;
				MACOSX_DEPLOYMENT_TARGET = 14.0;
				MARKETING_VERSION = 1.0;
				PRODUCT_BUNDLE_IDENTIFIER = "com.jc.Graph-NetworksTests";
				PRODUCT_NAME = "$(TARGET_NAME)";
				SDKROOT = auto;
				SUPPORTED_PLATFORMS = "iphoneos iphonesimulator macosx";
				SWIFT_EMIT_LOC_STRINGS = NO;
				SWIFT_VERSION = 5.0;
				TARGETED_DEVICE_FAMILY = "1,2";
				TEST_HOST = "$(BUILT_PRODUCTS_DIR)/Graph Networks.app/$(BUNDLE_EXECUTABLE_FOLDER_PATH)/Graph Networks";
			};
			name = Release;
		};
		492A5E922B6A7AE40055416E /* Debug */ = {
			isa = XCBuildConfiguration;
			buildSettings = {
				ALWAYS_EMBED_SWIFT_STANDARD_LIBRARIES = YES;
				CODE_SIGN_STYLE = Automatic;
				CURRENT_PROJECT_VERSION = 1;
				DEVELOPMENT_TEAM = 2JMR3SJGS4;
				GENERATE_INFOPLIST_FILE = YES;
				IPHONEOS_DEPLOYMENT_TARGET = 17.0;
				MACOSX_DEPLOYMENT_TARGET = 14.0;
				MARKETING_VERSION = 1.0;
				PRODUCT_BUNDLE_IDENTIFIER = "com.jc.Graph-NetworksUITests";
				PRODUCT_NAME = "$(TARGET_NAME)";
				SDKROOT = auto;
				SUPPORTED_PLATFORMS = "iphoneos iphonesimulator macosx";
				SWIFT_EMIT_LOC_STRINGS = NO;
				SWIFT_VERSION = 5.0;
				TARGETED_DEVICE_FAMILY = "1,2";
				TEST_TARGET_NAME = "Graph Networks";
			};
			name = Debug;
		};
		492A5E932B6A7AE40055416E /* Release */ = {
			isa = XCBuildConfiguration;
			buildSettings = {
				ALWAYS_EMBED_SWIFT_STANDARD_LIBRARIES = YES;
				CODE_SIGN_STYLE = Automatic;
				CURRENT_PROJECT_VERSION = 1;
				DEVELOPMENT_TEAM = 2JMR3SJGS4;
				GENERATE_INFOPLIST_FILE = YES;
				IPHONEOS_DEPLOYMENT_TARGET = 17.0;
				MACOSX_DEPLOYMENT_TARGET = 14.0;
				MARKETING_VERSION = 1.0;
				PRODUCT_BUNDLE_IDENTIFIER = "com.jc.Graph-NetworksUITests";
				PRODUCT_NAME = "$(TARGET_NAME)";
				SDKROOT = auto;
				SUPPORTED_PLATFORMS = "iphoneos iphonesimulator macosx";
				SWIFT_EMIT_LOC_STRINGS = NO;
				SWIFT_VERSION = 5.0;
				TARGETED_DEVICE_FAMILY = "1,2";
				TEST_TARGET_NAME = "Graph Networks";
			};
			name = Release;
		};
/* End XCBuildConfiguration section */

/* Begin XCConfigurationList section */
		492A5E5F2B6A7AE30055416E /* Build configuration list for PBXProject "Graph Networks" */ = {
			isa = XCConfigurationList;
			buildConfigurations = (
				492A5E892B6A7AE40055416E /* Debug */,
				492A5E8A2B6A7AE40055416E /* Release */,
			);
			defaultConfigurationIsVisible = 0;
			defaultConfigurationName = Release;
		};
		492A5E8B2B6A7AE40055416E /* Build configuration list for PBXNativeTarget "Graph Networks" */ = {
			isa = XCConfigurationList;
			buildConfigurations = (
				492A5E8C2B6A7AE40055416E /* Debug */,
				492A5E8D2B6A7AE40055416E /* Release */,
			);
			defaultConfigurationIsVisible = 0;
			defaultConfigurationName = Release;
		};
		492A5E8E2B6A7AE40055416E /* Build configuration list for PBXNativeTarget "Graph NetworksTests" */ = {
			isa = XCConfigurationList;
			buildConfigurations = (
				492A5E8F2B6A7AE40055416E /* Debug */,
				492A5E902B6A7AE40055416E /* Release */,
			);
			defaultConfigurationIsVisible = 0;
			defaultConfigurationName = Release;
		};
		492A5E912B6A7AE40055416E /* Build configuration list for PBXNativeTarget "Graph NetworksUITests" */ = {
			isa = XCConfigurationList;
			buildConfigurations = (
				492A5E922B6A7AE40055416E /* Debug */,
				492A5E932B6A7AE40055416E /* Release */,
			);
			defaultConfigurationIsVisible = 0;
			defaultConfigurationName = Release;
		};
/* End XCConfigurationList section */
	};
	rootObject = 492A5E5C2B6A7AE30055416E /* Project object */;
}
